// !$*UTF8*$!
{
	archiveVersion = 1;
	classes = {
	};
	objectVersion = 56;
	objects = {

/* Begin PBXBuildFile section */
		F1E21D2F2CFD29D9000CE0D3 /* ProjectSculptExtensionApp.swift in Sources */ = {isa = PBXBuildFile; fileRef = F1E21D2E2CFD29D9000CE0D3 /* ProjectSculptExtensionApp.swift */; };
		F1E21D312CFD29D9000CE0D3 /* ContentView.swift in Sources */ = {isa = PBXBuildFile; fileRef = F1E21D302CFD29D9000CE0D3 /* ContentView.swift */; };
		F1E21D332CFD29DF000CE0D3 /* Assets.xcassets in Resources */ = {isa = PBXBuildFile; fileRef = F1E21D322CFD29DF000CE0D3 /* Assets.xcassets */; };
		F1E21D362CFD29DF000CE0D3 /* Preview Assets.xcassets in Resources */ = {isa = PBXBuildFile; fileRef = F1E21D352CFD29DF000CE0D3 /* Preview Assets.xcassets */; };
		F1E21D3D2CFD2D48000CE0D3 /* PSTabView.swift in Sources */ = {isa = PBXBuildFile; fileRef = F1E21D3C2CFD2D48000CE0D3 /* PSTabView.swift */; };
		F1E21D432CFD44C9000CE0D3 /* HistoricDataView.swift in Sources */ = {isa = PBXBuildFile; fileRef = F1E21D422CFD44C9000CE0D3 /* HistoricDataView.swift */; };
		F1E21D4B2CFE884A000CE0D3 /* HomeView.swift in Sources */ = {isa = PBXBuildFile; fileRef = F1E21D4A2CFE884A000CE0D3 /* HomeView.swift */; };
		F1E21D4D2CFE884E000CE0D3 /* ProgressCircleView.swift in Sources */ = {isa = PBXBuildFile; fileRef = F1E21D4C2CFE884D000CE0D3 /* ProgressCircleView.swift */; };
		F1E21D512CFE897F000CE0D3 /* ActivityCard.swift in Sources */ = {isa = PBXBuildFile; fileRef = F1E21D502CFE897F000CE0D3 /* ActivityCard.swift */; };
/* End PBXBuildFile section */

/* Begin PBXFileReference section */
		F1E21D2B2CFD29D9000CE0D3 /* ProjectSculptExtension.app */ = {isa = PBXFileReference; explicitFileType = wrapper.application; includeInIndex = 0; path = ProjectSculptExtension.app; sourceTree = BUILT_PRODUCTS_DIR; };
		F1E21D2E2CFD29D9000CE0D3 /* ProjectSculptExtensionApp.swift */ = {isa = PBXFileReference; lastKnownFileType = sourcecode.swift; path = ProjectSculptExtensionApp.swift; sourceTree = "<group>"; };
		F1E21D302CFD29D9000CE0D3 /* ContentView.swift */ = {isa = PBXFileReference; lastKnownFileType = sourcecode.swift; path = ContentView.swift; sourceTree = "<group>"; };
		F1E21D322CFD29DF000CE0D3 /* Assets.xcassets */ = {isa = PBXFileReference; lastKnownFileType = folder.assetcatalog; path = Assets.xcassets; sourceTree = "<group>"; };
		F1E21D352CFD29DF000CE0D3 /* Preview Assets.xcassets */ = {isa = PBXFileReference; lastKnownFileType = folder.assetcatalog; path = "Preview Assets.xcassets"; sourceTree = "<group>"; };
		F1E21D3C2CFD2D48000CE0D3 /* PSTabView.swift */ = {isa = PBXFileReference; lastKnownFileType = sourcecode.swift; path = PSTabView.swift; sourceTree = "<group>"; };
		F1E21D422CFD44C9000CE0D3 /* HistoricDataView.swift */ = {isa = PBXFileReference; lastKnownFileType = sourcecode.swift; path = HistoricDataView.swift; sourceTree = "<group>"; };
		F1E21D4A2CFE884A000CE0D3 /* HomeView.swift */ = {isa = PBXFileReference; lastKnownFileType = sourcecode.swift; path = HomeView.swift; sourceTree = "<group>"; };
		F1E21D4C2CFE884D000CE0D3 /* ProgressCircleView.swift */ = {isa = PBXFileReference; lastKnownFileType = sourcecode.swift; path = ProgressCircleView.swift; sourceTree = "<group>"; };
		F1E21D502CFE897F000CE0D3 /* ActivityCard.swift */ = {isa = PBXFileReference; lastKnownFileType = sourcecode.swift; path = ActivityCard.swift; sourceTree = "<group>"; };
/* End PBXFileReference section */

/* Begin PBXFrameworksBuildPhase section */
		F1E21D282CFD29D9000CE0D3 /* Frameworks */ = {
			isa = PBXFrameworksBuildPhase;
			buildActionMask = 2147483647;
			files = (
			);
			runOnlyForDeploymentPostprocessing = 0;
		};
/* End PBXFrameworksBuildPhase section */

/* Begin PBXGroup section */
		F1E21D222CFD29D9000CE0D3 = {
			isa = PBXGroup;
			children = (
				F1E21D2D2CFD29D9000CE0D3 /* ProjectSculptExtension */,
				F1E21D2C2CFD29D9000CE0D3 /* Products */,
			);
			sourceTree = "<group>";
		};
		F1E21D2C2CFD29D9000CE0D3 /* Products */ = {
			isa = PBXGroup;
			children = (
				F1E21D2B2CFD29D9000CE0D3 /* ProjectSculptExtension.app */,
			);
			name = Products;
			sourceTree = "<group>";
		};
		F1E21D2D2CFD29D9000CE0D3 /* ProjectSculptExtension */ = {
			isa = PBXGroup;
			children = (
				F1E21D522CFE8997000CE0D3 /* Home */,
				F1E21D2E2CFD29D9000CE0D3 /* ProjectSculptExtensionApp.swift */,
				F1E21D302CFD29D9000CE0D3 /* ContentView.swift */,
				F1E21D322CFD29DF000CE0D3 /* Assets.xcassets */,
				F1E21D342CFD29DF000CE0D3 /* Preview Content */,
				F1E21D3C2CFD2D48000CE0D3 /* PSTabView.swift */,
				F1E21D422CFD44C9000CE0D3 /* HistoricDataView.swift */,
			);
			path = ProjectSculptExtension;
			sourceTree = "<group>";
		};
		F1E21D342CFD29DF000CE0D3 /* Preview Content */ = {
			isa = PBXGroup;
			children = (
				F1E21D352CFD29DF000CE0D3 /* Preview Assets.xcassets */,
			);
			path = "Preview Content";
			sourceTree = "<group>";
		};
		F1E21D522CFE8997000CE0D3 /* Home */ = {
			isa = PBXGroup;
			children = (
				F1E21D4A2CFE884A000CE0D3 /* HomeView.swift */,
				F1E21D4C2CFE884D000CE0D3 /* ProgressCircleView.swift */,
				F1E21D502CFE897F000CE0D3 /* ActivityCard.swift */,
			);
			path = Home;
			sourceTree = "<group>";
		};
/* End PBXGroup section */

/* Begin PBXNativeTarget section */
		F1E21D2A2CFD29D9000CE0D3 /* ProjectSculptExtension */ = {
			isa = PBXNativeTarget;
			buildConfigurationList = F1E21D392CFD29DF000CE0D3 /* Build configuration list for PBXNativeTarget "ProjectSculptExtension" */;
			buildPhases = (
				F1E21D272CFD29D9000CE0D3 /* Sources */,
				F1E21D282CFD29D9000CE0D3 /* Frameworks */,
				F1E21D292CFD29D9000CE0D3 /* Resources */,
			);
			buildRules = (
			);
			dependencies = (
			);
			name = ProjectSculptExtension;
			productName = ProjectSculptExtension;
			productReference = F1E21D2B2CFD29D9000CE0D3 /* ProjectSculptExtension.app */;
			productType = "com.apple.product-type.application";
		};
/* End PBXNativeTarget section */

/* Begin PBXProject section */
		F1E21D232CFD29D9000CE0D3 /* Project object */ = {
			isa = PBXProject;
			attributes = {
				BuildIndependentTargetsInParallel = 1;
				LastSwiftUpdateCheck = 1420;
				LastUpgradeCheck = 1420;
				TargetAttributes = {
					F1E21D2A2CFD29D9000CE0D3 = {
						CreatedOnToolsVersion = 14.2;
					};
				};
			};
			buildConfigurationList = F1E21D262CFD29D9000CE0D3 /* Build configuration list for PBXProject "ProjectSculptExtension" */;
			compatibilityVersion = "Xcode 14.0";
			developmentRegion = en;
			hasScannedForEncodings = 0;
			knownRegions = (
				en,
				Base,
			);
			mainGroup = F1E21D222CFD29D9000CE0D3;
			productRefGroup = F1E21D2C2CFD29D9000CE0D3 /* Products */;
			projectDirPath = "";
			projectRoot = "";
			targets = (
				F1E21D2A2CFD29D9000CE0D3 /* ProjectSculptExtension */,
			);
		};
/* End PBXProject section */

/* Begin PBXResourcesBuildPhase section */
		F1E21D292CFD29D9000CE0D3 /* Resources */ = {
			isa = PBXResourcesBuildPhase;
			buildActionMask = 2147483647;
			files = (
				F1E21D362CFD29DF000CE0D3 /* Preview Assets.xcassets in Resources */,
				F1E21D332CFD29DF000CE0D3 /* Assets.xcassets in Resources */,
			);
			runOnlyForDeploymentPostprocessing = 0;
		};
/* End PBXResourcesBuildPhase section */

/* Begin PBXSourcesBuildPhase section */
		F1E21D272CFD29D9000CE0D3 /* Sources */ = {
			isa = PBXSourcesBuildPhase;
			buildActionMask = 2147483647;
			files = (
				F1E21D312CFD29D9000CE0D3 /* ContentView.swift in Sources */,
				F1E21D432CFD44C9000CE0D3 /* HistoricDataView.swift in Sources */,
				F1E21D4D2CFE884E000CE0D3 /* ProgressCircleView.swift in Sources */,
				F1E21D2F2CFD29D9000CE0D3 /* ProjectSculptExtensionApp.swift in Sources */,
				F1E21D4B2CFE884A000CE0D3 /* HomeView.swift in Sources */,
				F1E21D512CFE897F000CE0D3 /* ActivityCard.swift in Sources */,
				F1E21D3D2CFD2D48000CE0D3 /* PSTabView.swift in Sources */,
			);
			runOnlyForDeploymentPostprocessing = 0;
		};
/* End PBXSourcesBuildPhase section */

/* Begin XCBuildConfiguration section */
		F1E21D372CFD29DF000CE0D3 /* Debug */ = {
			isa = XCBuildConfiguration;
			buildSettings = {
				ALWAYS_SEARCH_USER_PATHS = NO;
				CLANG_ANALYZER_NONNULL = YES;
				CLANG_ANALYZER_NUMBER_OBJECT_CONVERSION = YES_AGGRESSIVE;
				CLANG_CXX_LANGUAGE_STANDARD = "gnu++20";
				CLANG_ENABLE_MODULES = YES;
				CLANG_ENABLE_OBJC_ARC = YES;
				CLANG_ENABLE_OBJC_WEAK = YES;
				CLANG_WARN_BLOCK_CAPTURE_AUTORELEASING = YES;
				CLANG_WARN_BOOL_CONVERSION = YES;
				CLANG_WARN_COMMA = YES;
				CLANG_WARN_CONSTANT_CONVERSION = YES;
				CLANG_WARN_DEPRECATED_OBJC_IMPLEMENTATIONS = YES;
				CLANG_WARN_DIRECT_OBJC_ISA_USAGE = YES_ERROR;
				CLANG_WARN_DOCUMENTATION_COMMENTS = YES;
				CLANG_WARN_EMPTY_BODY = YES;
				CLANG_WARN_ENUM_CONVERSION = YES;
				CLANG_WARN_INFINITE_RECURSION = YES;
				CLANG_WARN_INT_CONVERSION = YES;
				CLANG_WARN_NON_LITERAL_NULL_CONVERSION = YES;
				CLANG_WARN_OBJC_IMPLICIT_RETAIN_SELF = YES;
				CLANG_WARN_OBJC_LITERAL_CONVERSION = YES;
				CLANG_WARN_OBJC_ROOT_CLASS = YES_ERROR;
				CLANG_WARN_QUOTED_INCLUDE_IN_FRAMEWORK_HEADER = YES;
				CLANG_WARN_RANGE_LOOP_ANALYSIS = YES;
				CLANG_WARN_STRICT_PROTOTYPES = YES;
				CLANG_WARN_SUSPICIOUS_MOVE = YES;
				CLANG_WARN_UNGUARDED_AVAILABILITY = YES_AGGRESSIVE;
				CLANG_WARN_UNREACHABLE_CODE = YES;
				CLANG_WARN__DUPLICATE_METHOD_MATCH = YES;
				COPY_PHASE_STRIP = NO;
				DEBUG_INFORMATION_FORMAT = dwarf;
				ENABLE_STRICT_OBJC_MSGSEND = YES;
				ENABLE_TESTABILITY = YES;
				GCC_C_LANGUAGE_STANDARD = gnu11;
				GCC_DYNAMIC_NO_PIC = NO;
				GCC_NO_COMMON_BLOCKS = YES;
				GCC_OPTIMIZATION_LEVEL = 0;
				GCC_PREPROCESSOR_DEFINITIONS = (
					"DEBUG=1",
					"$(inherited)",
				);
				GCC_WARN_64_TO_32_BIT_CONVERSION = YES;
				GCC_WARN_ABOUT_RETURN_TYPE = YES_ERROR;
				GCC_WARN_UNDECLARED_SELECTOR = YES;
				GCC_WARN_UNINITIALIZED_AUTOS = YES_AGGRESSIVE;
				GCC_WARN_UNUSED_FUNCTION = YES;
				GCC_WARN_UNUSED_VARIABLE = YES;
				IPHONEOS_DEPLOYMENT_TARGET = 16.2;
				MTL_ENABLE_DEBUG_INFO = INCLUDE_SOURCE;
				MTL_FAST_MATH = YES;
				ONLY_ACTIVE_ARCH = YES;
				SDKROOT = iphoneos;
				SWIFT_ACTIVE_COMPILATION_CONDITIONS = DEBUG;
				SWIFT_OPTIMIZATION_LEVEL = "-Onone";
			};
			name = Debug;
		};
		F1E21D382CFD29DF000CE0D3 /* Release */ = {
			isa = XCBuildConfiguration;
			buildSettings = {
				ALWAYS_SEARCH_USER_PATHS = NO;
				CLANG_ANALYZER_NONNULL = YES;
				CLANG_ANALYZER_NUMBER_OBJECT_CONVERSION = YES_AGGRESSIVE;
				CLANG_CXX_LANGUAGE_STANDARD = "gnu++20";
				CLANG_ENABLE_MODULES = YES;
				CLANG_ENABLE_OBJC_ARC = YES;
				CLANG_ENABLE_OBJC_WEAK = YES;
				CLANG_WARN_BLOCK_CAPTURE_AUTORELEASING = YES;
				CLANG_WARN_BOOL_CONVERSION = YES;
				CLANG_WARN_COMMA = YES;
				CLANG_WARN_CONSTANT_CONVERSION = YES;
				CLANG_WARN_DEPRECATED_OBJC_IMPLEMENTATIONS = YES;
				CLANG_WARN_DIRECT_OBJC_ISA_USAGE = YES_ERROR;
				CLANG_WARN_DOCUMENTATION_COMMENTS = YES;
				CLANG_WARN_EMPTY_BODY = YES;
				CLANG_WARN_ENUM_CONVERSION = YES;
				CLANG_WARN_INFINITE_RECURSION = YES;
				CLANG_WARN_INT_CONVERSION = YES;
				CLANG_WARN_NON_LITERAL_NULL_CONVERSION = YES;
				CLANG_WARN_OBJC_IMPLICIT_RETAIN_SELF = YES;
				CLANG_WARN_OBJC_LITERAL_CONVERSION = YES;
				CLANG_WARN_OBJC_ROOT_CLASS = YES_ERROR;
				CLANG_WARN_QUOTED_INCLUDE_IN_FRAMEWORK_HEADER = YES;
				CLANG_WARN_RANGE_LOOP_ANALYSIS = YES;
				CLANG_WARN_STRICT_PROTOTYPES = YES;
				CLANG_WARN_SUSPICIOUS_MOVE = YES;
				CLANG_WARN_UNGUARDED_AVAILABILITY = YES_AGGRESSIVE;
				CLANG_WARN_UNREACHABLE_CODE = YES;
				CLANG_WARN__DUPLICATE_METHOD_MATCH = YES;
				COPY_PHASE_STRIP = NO;
				DEBUG_INFORMATION_FORMAT = "dwarf-with-dsym";
				ENABLE_NS_ASSERTIONS = NO;
				ENABLE_STRICT_OBJC_MSGSEND = YES;
				GCC_C_LANGUAGE_STANDARD = gnu11;
				GCC_NO_COMMON_BLOCKS = YES;
				GCC_WARN_64_TO_32_BIT_CONVERSION = YES;
				GCC_WARN_ABOUT_RETURN_TYPE = YES_ERROR;
				GCC_WARN_UNDECLARED_SELECTOR = YES;
				GCC_WARN_UNINITIALIZED_AUTOS = YES_AGGRESSIVE;
				GCC_WARN_UNUSED_FUNCTION = YES;
				GCC_WARN_UNUSED_VARIABLE = YES;
				IPHONEOS_DEPLOYMENT_TARGET = 16.2;
				MTL_ENABLE_DEBUG_INFO = NO;
				MTL_FAST_MATH = YES;
				SDKROOT = iphoneos;
				SWIFT_COMPILATION_MODE = wholemodule;
				SWIFT_OPTIMIZATION_LEVEL = "-O";
				VALIDATE_PRODUCT = YES;
			};
			name = Release;
		};
		F1E21D3A2CFD29DF000CE0D3 /* Debug */ = {
			isa = XCBuildConfiguration;
			buildSettings = {
				ASSETCATALOG_COMPILER_APPICON_NAME = AppIcon;
				ASSETCATALOG_COMPILER_GLOBAL_ACCENT_COLOR_NAME = AccentColor;
				CODE_SIGN_STYLE = Automatic;
				CURRENT_PROJECT_VERSION = 1;
				DEVELOPMENT_ASSET_PATHS = "\"ProjectSculptExtension/Preview Content\"";
				DEVELOPMENT_TEAM = A6Z2BSV8WJ;
				ENABLE_PREVIEWS = YES;
				GENERATE_INFOPLIST_FILE = YES;
				INFOPLIST_KEY_UIApplicationSceneManifest_Generation = YES;
				INFOPLIST_KEY_UIApplicationSupportsIndirectInputEvents = YES;
				INFOPLIST_KEY_UILaunchScreen_Generation = YES;
				INFOPLIST_KEY_UISupportedInterfaceOrientations_iPad = "UIInterfaceOrientationPortrait UIInterfaceOrientationPortraitUpsideDown UIInterfaceOrientationLandscapeLeft UIInterfaceOrientationLandscapeRight";
				INFOPLIST_KEY_UISupportedInterfaceOrientations_iPhone = "UIInterfaceOrientationPortrait UIInterfaceOrientationLandscapeLeft UIInterfaceOrientationLandscapeRight";
				LD_RUNPATH_SEARCH_PATHS = (
					"$(inherited)",
					"@executable_path/Frameworks",
				);
				MARKETING_VERSION = 1.0;
				PRODUCT_BUNDLE_IDENTIFIER = com.robbie.ProjectSculptExtension;
				PRODUCT_NAME = "$(TARGET_NAME)";
				SWIFT_EMIT_LOC_STRINGS = YES;
				SWIFT_VERSION = 5.0;
				TARGETED_DEVICE_FAMILY = "1,2";
			};
			name = Debug;
		};
		F1E21D3B2CFD29DF000CE0D3 /* Release */ = {
			isa = XCBuildConfiguration;
			buildSettings = {
				ASSETCATALOG_COMPILER_APPICON_NAME = AppIcon;
				ASSETCATALOG_COMPILER_GLOBAL_ACCENT_COLOR_NAME = AccentColor;
				CODE_SIGN_STYLE = Automatic;
				CURRENT_PROJECT_VERSION = 1;
				DEVELOPMENT_ASSET_PATHS = "\"ProjectSculptExtension/Preview Content\"";
				DEVELOPMENT_TEAM = A6Z2BSV8WJ;
				ENABLE_PREVIEWS = YES;
				GENERATE_INFOPLIST_FILE = YES;
				INFOPLIST_KEY_UIApplicationSceneManifest_Generation = YES;
				INFOPLIST_KEY_UIApplicationSupportsIndirectInputEvents = YES;
				INFOPLIST_KEY_UILaunchScreen_Generation = YES;
				INFOPLIST_KEY_UISupportedInterfaceOrientations_iPad = "UIInterfaceOrientationPortrait UIInterfaceOrientationPortraitUpsideDown UIInterfaceOrientationLandscapeLeft UIInterfaceOrientationLandscapeRight";
				INFOPLIST_KEY_UISupportedInterfaceOrientations_iPhone = "UIInterfaceOrientationPortrait UIInterfaceOrientationLandscapeLeft UIInterfaceOrientationLandscapeRight";
				LD_RUNPATH_SEARCH_PATHS = (
					"$(inherited)",
					"@executable_path/Frameworks",
				);
				MARKETING_VERSION = 1.0;
				PRODUCT_BUNDLE_IDENTIFIER = com.robbie.ProjectSculptExtension;
				PRODUCT_NAME = "$(TARGET_NAME)";
				SWIFT_EMIT_LOC_STRINGS = YES;
				SWIFT_VERSION = 5.0;
				TARGETED_DEVICE_FAMILY = "1,2";
			};
			name = Release;
		};
/* End XCBuildConfiguration section */

/* Begin XCConfigurationList section */
		F1E21D262CFD29D9000CE0D3 /* Build configuration list for PBXProject "ProjectSculptExtension" */ = {
			isa = XCConfigurationList;
			buildConfigurations = (
				F1E21D372CFD29DF000CE0D3 /* Debug */,
				F1E21D382CFD29DF000CE0D3 /* Release */,
			);
			defaultConfigurationIsVisible = 0;
			defaultConfigurationName = Release;
		};
		F1E21D392CFD29DF000CE0D3 /* Build configuration list for PBXNativeTarget "ProjectSculptExtension" */ = {
			isa = XCConfigurationList;
			buildConfigurations = (
				F1E21D3A2CFD29DF000CE0D3 /* Debug */,
				F1E21D3B2CFD29DF000CE0D3 /* Release */,
			);
			defaultConfigurationIsVisible = 0;
			defaultConfigurationName = Release;
		};
/* End XCConfigurationList section */
	};
	rootObject = F1E21D232CFD29D9000CE0D3 /* Project object */;
}
